{
  "nodes": {
    "IP-Guard": {
      "inputs": {
        "flake-utils": [
          "adr-ledger",
          "flake-utils"
        ],
        "nixpkgs": [
          "adr-ledger",
          "nixpkgs"
        ],
        "rust-overlay": "rust-overlay"
      },
      "locked": {
        "lastModified": 1767648511,
        "narHash": "sha256-GE0ClkbTyUpGpAB8Yn0U6vJ9Dm85bhYwluKKkY6112U=",
        "ref": "refs/heads/main",
        "rev": "a23c601680bc2684ee09bbca837636719f19a448",
        "revCount": 1,
        "type": "git",
        "url": "ssh://git@github.com/VoidNxSEC/IP-Guard"
      },
      "original": {
        "type": "git",
        "url": "ssh://git@github.com/VoidNxSEC/IP-Guard"
      }
    },
    "adr-ledger": {
      "inputs": {
        "IP-Guard": "IP-Guard",
        "ai-agent-os": "ai-agent-os",
        "cerebro": "cerebro",
        "flake-utils": "flake-utils_2",
        "intel-agent": "intel-agent",
        "ml-ops-api": "ml-ops-api",
        "neotron": "neotron",
        "nixpkgs": [
          "nixpkgs"
        ],
        "owasaka": "owasaka",
        "phantom": "phantom",
        "securellm-mcp": "securellm-mcp",
        "sentinel": "sentinel",
        "spectre": "spectre_2",
        "spider-nix": "spider-nix_2"
      },
      "locked": {
        "lastModified": 1777218670,
        "narHash": "sha256-nxBu/+Lm87O+vIhLNuTJS5i4FHfBXcq4iItnLn7Q3SQ=",
        "ref": "refs/heads/main",
        "rev": "fe0c0f7a3f4113bac9868700807dc9d402921243",
        "revCount": 126,
        "type": "git",
        "url": "https://github.com/marcosfpina/adr-ledger"
      },
      "original": {
        "type": "git",
        "url": "https://github.com/marcosfpina/adr-ledger"
      }
    },
    "adr-ledger_2": {
      "inputs": {
        "flake-utils": "flake-utils_4",
        "nixpkgs": [
          "adr-ledger",
          "sentinel",
          "nixpkgs"
        ]
      },
      "locked": {
        "lastModified": 1769315355,
        "narHash": "sha256-UbHSe7SM6Kae05r0d2COiu67pRaltuiaZijhcDempyg=",
        "ref": "refs/heads/main",
        "rev": "30fa2d655b357e92e9570c106686c32b34e5f5b6",
        "revCount": 5,
        "type": "git",
        "url": "https://github.com/marcosfpina/adr-ledger"
      },
      "original": {
        "type": "git",
        "url": "https://github.com/marcosfpina/adr-ledger"
      }
    },
    "advisory-db": {
      "flake": false,
      "locked": {
        "lastModified": 1774427839,
        "narHash": "sha256-BfkPsVAP269pe1pD+vQndpEjwZ87Vw3uOv9Nt2IJ2cs=",
        "owner": "rustsec",
        "repo": "advisory-db",
        "rev": "64ca93bd6e5ad5b686c963a989d16f038349c6ae",
        "type": "github"
      },
      "original": {
        "owner": "rustsec",
        "repo": "advisory-db",
        "type": "github"
      }
    },
    "advisory-db_2": {
      "flake": false,
      "locked": {
        "lastModified": 1769147429,
        "narHash": "sha256-EI04vtsDqLdSFVGGmYht0wh1QDoFRvKeOh7CUm/a2cY=",
        "owner": "rustsec",
        "repo": "advisory-db",
        "rev": "2a699493588fe2e3c0f6bdac7e14a5cc3701b8a8",
        "type": "github"
      },
      "original": {
        "owner": "rustsec",
        "repo": "advisory-db",
        "type": "github"
      }
    },
    "advisory-db_3": {
      "flake": false,
      "locked": {
        "lastModified": 1774427839,
        "narHash": "sha256-BfkPsVAP269pe1pD+vQndpEjwZ87Vw3uOv9Nt2IJ2cs=",
        "owner": "rustsec",
        "repo": "advisory-db",
        "rev": "64ca93bd6e5ad5b686c963a989d16f038349c6ae",
        "type": "github"
      },
      "original": {
        "owner": "rustsec",
        "repo": "advisory-db",
        "type": "github"
      }
    },
    "ai-agent-os": {
      "inputs": {
        "flake-utils": [
          "adr-ledger",
          "flake-utils"
        ],
        "nixpkgs": [
          "adr-ledger",
          "nixpkgs"
        ],
        "rust-overlay": "rust-overlay_2"
      },
      "locked": {
        "lastModified": 1774869080,
        "narHash": "sha256-MWtbzDSXTKqVQKMAbnz47dzfevtA2N09eTb8RawwJoA=",
        "ref": "refs/heads/main",
        "rev": "b249ca4a2471b28eec09d3a8a07610839e75a3eb",
        "revCount": 16,
        "type": "git",
        "url": "ssh://git@github.com/VoidNxSEC/ai-agent-os"
      },
      "original": {
        "type": "git",
        "url": "ssh://git@github.com/VoidNxSEC/ai-agent-os"
      }
    },
    "cerebro": {
      "inputs": {
        "flake-utils": [
          "adr-ledger",
          "flake-utils"
        ],
        "nixpkgs": [
          "adr-ledger",
          "nixpkgs"
        ],
        "spider-nix": "spider-nix"
      },
      "locked": {
        "lastModified": 1775184551,
        "narHash": "sha256-pMu8sLLS4tdt0Yl/FKpR8EKAa565XepsrodyT7ls/0w=",
        "ref": "refs/heads/main",
        "rev": "b0037a03555c3a4109ba2ba0880e5c49d1a6bf9f",
        "revCount": 86,
        "type": "git",
        "url": "ssh://git@github.com/VoidNxSEC/cerebro"
      },
      "original": {
        "type": "git",
        "url": "ssh://git@github.com/VoidNxSEC/cerebro"
      }
    },
    "cerebro_2": {
      "inputs": {
        "flake-utils": "flake-utils_5",
        "nixpkgs": [
          "adr-ledger",
          "sentinel",
          "nixpkgs"
        ],
        "rust-overlay": "rust-overlay_7"
      },
      "locked": {
        "lastModified": 1769402144,
        "narHash": "sha256-RHA/xg0dJ/NqeeYaFR7mGCEW9AD/+z81IEeQmX1j9Ag=",
        "ref": "refs/heads/main",
        "rev": "5a6786ba4bc29afc8bb405227fa509371826313c",
        "revCount": 63,
        "type": "git",
        "url": "https://github.com/marcosfpina/cerebro"
      },
      "original": {
        "type": "git",
        "url": "https://github.com/marcosfpina/cerebro"
      }
    },
    "cerebro_3": {
      "inputs": {
        "flake-utils": "flake-utils_10",
        "nixpkgs": [
          "nixpkgs"
        ],
        "poetry2nix": "poetry2nix",
        "sops-nix": "sops-nix_2"
      },
      "locked": {
        "lastModified": 1777172827,
        "narHash": "sha256-9yP+J6kMtd/GUj8DfS4oONCevoux3KZXbys0AGEMFG4=",
        "ref": "refs/heads/main",
        "rev": "458adbea8340b83dfcb3aad976f42b9a8c33b277",
        "revCount": 123,
        "type": "git",
        "url": "https://github.com/marcosfpina/cerebro"
      },
      "original": {
        "type": "git",
        "url": "https://github.com/marcosfpina/cerebro"
      }
    },
    "crane": {
      "locked": {
        "lastModified": 1774313767,
        "narHash": "sha256-hy0XTQND6avzGEUFrJtYBBpFa/POiiaGBr2vpU6Y9tY=",
        "owner": "ipetkov",
        "repo": "crane",
        "rev": "3d9df76e29656c679c744968b17fbaf28f0e923d",
        "type": "github"
      },
      "original": {
        "owner": "ipetkov",
        "repo": "crane",
        "type": "github"
      }
    },
    "crane_2": {
      "locked": {
        "lastModified": 1768873933,
        "narHash": "sha256-CfyzdaeLNGkyAHp3kT5vjvXhA1pVVK7nyDziYxCPsNk=",
        "owner": "ipetkov",
        "repo": "crane",
        "rev": "0bda7e7d005ccb5522a76d11ccfbf562b71953ca",
        "type": "github"
      },
      "original": {
        "owner": "ipetkov",
        "repo": "crane",
        "type": "github"
      }
    },
    "crane_3": {
      "locked": {
        "lastModified": 1774313767,
        "narHash": "sha256-hy0XTQND6avzGEUFrJtYBBpFa/POiiaGBr2vpU6Y9tY=",
        "owner": "ipetkov",
        "repo": "crane",
        "rev": "3d9df76e29656c679c744968b17fbaf28f0e923d",
        "type": "github"
      },
      "original": {
        "owner": "ipetkov",
        "repo": "crane",
        "type": "github"
      }
    },
    "flake-utils": {
      "inputs": {
        "systems": "systems"
      },
      "locked": {
        "lastModified": 1731533236,
        "narHash": "sha256-l0KFg5HjrsfsO/JpG+r7fRrqm12kzFHyUHqHCVpMMbI=",
        "owner": "numtide",
        "repo": "flake-utils",
        "rev": "11707dc2f618dd54ca8739b309ec4fc024de578b",
        "type": "github"
      },
      "original": {
        "owner": "numtide",
        "repo": "flake-utils",
        "type": "github"
      }
    },
    "flake-utils_10": {
      "inputs": {
        "systems": "systems_10"
      },
      "locked": {
        "lastModified": 1731533236,
        "narHash": "sha256-l0KFg5HjrsfsO/JpG+r7fRrqm12kzFHyUHqHCVpMMbI=",
        "owner": "numtide",
        "repo": "flake-utils",
        "rev": "11707dc2f618dd54ca8739b309ec4fc024de578b",
        "type": "github"
      },
      "original": {
        "owner": "numtide",
        "repo": "flake-utils",
        "type": "github"
      }
    },
    "flake-utils_11": {
      "inputs": {
        "systems": "systems_11"
      },
      "locked": {
        "lastModified": 1726560853,
        "narHash": "sha256-X6rJYSESBVr3hBoH0WbKE5KvhPU5bloyZ2L4K60/fPQ=",
        "owner": "numtide",
        "repo": "flake-utils",
        "rev": "c1dfcf08411b08f6b8615f7d8971a2bfa81d5e8a",
        "type": "github"
      },
      "original": {
        "owner": "numtide",
        "repo": "flake-utils",
        "type": "github"
      }
    },
    "flake-utils_12": {
      "inputs": {
        "systems": "systems_13"
      },
      "locked": {
        "lastModified": 1731533236,
        "narHash": "sha256-l0KFg5HjrsfsO/JpG+r7fRrqm12kzFHyUHqHCVpMMbI=",
        "owner": "numtide",
        "repo": "flake-utils",
        "rev": "11707dc2f618dd54ca8739b309ec4fc024de578b",
        "type": "github"
      },
      "original": {
        "owner": "numtide",
        "repo": "flake-utils",
        "type": "github"
      }
    },
    "flake-utils_13": {
      "inputs": {
        "systems": "systems_14"
      },
      "locked": {
        "lastModified": 1731533236,
        "narHash": "sha256-l0KFg5HjrsfsO/JpG+r7fRrqm12kzFHyUHqHCVpMMbI=",
        "owner": "numtide",
        "repo": "flake-utils",
        "rev": "11707dc2f618dd54ca8739b309ec4fc024de578b",
        "type": "github"
      },
      "original": {
        "owner": "numtide",
        "repo": "flake-utils",
        "type": "github"
      }
    },
    "flake-utils_14": {
      "inputs": {
        "systems": "systems_15"
      },
      "locked": {
        "lastModified": 1731533236,
        "narHash": "sha256-l0KFg5HjrsfsO/JpG+r7fRrqm12kzFHyUHqHCVpMMbI=",
        "owner": "numtide",
        "repo": "flake-utils",
        "rev": "11707dc2f618dd54ca8739b309ec4fc024de578b",
        "type": "github"
      },
      "original": {
        "owner": "numtide",
        "repo": "flake-utils",
        "type": "github"
      }
    },
    "flake-utils_15": {
      "inputs": {
        "systems": "systems_16"
      },
      "locked": {
        "lastModified": 1731533236,
        "narHash": "sha256-l0KFg5HjrsfsO/JpG+r7fRrqm12kzFHyUHqHCVpMMbI=",
        "owner": "numtide",
        "repo": "flake-utils",
        "rev": "11707dc2f618dd54ca8739b309ec4fc024de578b",
        "type": "github"
      },
      "original": {
        "owner": "numtide",
        "repo": "flake-utils",
        "type": "github"
      }
    },
    "flake-utils_16": {
      "inputs": {
        "systems": "systems_17"
      },
      "locked": {
        "lastModified": 1731533236,
        "narHash": "sha256-l0KFg5HjrsfsO/JpG+r7fRrqm12kzFHyUHqHCVpMMbI=",
        "owner": "numtide",
        "repo": "flake-utils",
        "rev": "11707dc2f618dd54ca8739b309ec4fc024de578b",
        "type": "github"
      },
      "original": {
        "owner": "numtide",
        "repo": "flake-utils",
        "type": "github"
      }
    },
    "flake-utils_2": {
      "inputs": {
        "systems": "systems_2"
      },
      "locked": {
        "lastModified": 1731533236,
        "narHash": "sha256-l0KFg5HjrsfsO/JpG+r7fRrqm12kzFHyUHqHCVpMMbI=",
        "owner": "numtide",
        "repo": "flake-utils",
        "rev": "11707dc2f618dd54ca8739b309ec4fc024de578b",
        "type": "github"
      },
      "original": {
        "owner": "numtide",
        "repo": "flake-utils",
        "type": "github"
      }
    },
    "flake-utils_3": {
      "inputs": {
        "systems": "systems_3"
      },
      "locked": {
        "lastModified": 1731533236,
        "narHash": "sha256-l0KFg5HjrsfsO/JpG+r7fRrqm12kzFHyUHqHCVpMMbI=",
        "owner": "numtide",
        "repo": "flake-utils",
        "rev": "11707dc2f618dd54ca8739b309ec4fc024de578b",
        "type": "github"
      },
      "original": {
        "owner": "numtide",
        "repo": "flake-utils",
        "type": "github"
      }
    },
    "flake-utils_4": {
      "inputs": {
        "systems": "systems_4"
      },
      "locked": {
        "lastModified": 1731533236,
        "narHash": "sha256-l0KFg5HjrsfsO/JpG+r7fRrqm12kzFHyUHqHCVpMMbI=",
        "owner": "numtide",
        "repo": "flake-utils",
        "rev": "11707dc2f618dd54ca8739b309ec4fc024de578b",
        "type": "github"
      },
      "original": {
        "owner": "numtide",
        "repo": "flake-utils",
        "type": "github"
      }
    },
    "flake-utils_5": {
      "inputs": {
        "systems": "systems_5"
      },
      "locked": {
        "lastModified": 1731533236,
        "narHash": "sha256-l0KFg5HjrsfsO/JpG+r7fRrqm12kzFHyUHqHCVpMMbI=",
        "owner": "numtide",
        "repo": "flake-utils",
        "rev": "11707dc2f618dd54ca8739b309ec4fc024de578b",
        "type": "github"
      },
      "original": {
        "owner": "numtide",
        "repo": "flake-utils",
        "type": "github"
      }
    },
    "flake-utils_6": {
      "inputs": {
        "systems": "systems_6"
      },
      "locked": {
        "lastModified": 1731533236,
        "narHash": "sha256-l0KFg5HjrsfsO/JpG+r7fRrqm12kzFHyUHqHCVpMMbI=",
        "owner": "numtide",
        "repo": "flake-utils",
        "rev": "11707dc2f618dd54ca8739b309ec4fc024de578b",
        "type": "github"
      },
      "original": {
        "owner": "numtide",
        "repo": "flake-utils",
        "type": "github"
      }
    },
    "flake-utils_7": {
      "inputs": {
        "systems": "systems_7"
      },
      "locked": {
        "lastModified": 1731533236,
        "narHash": "sha256-l0KFg5HjrsfsO/JpG+r7fRrqm12kzFHyUHqHCVpMMbI=",
        "owner": "numtide",
        "repo": "flake-utils",
        "rev": "11707dc2f618dd54ca8739b309ec4fc024de578b",
        "type": "github"
      },
      "original": {
        "owner": "numtide",
        "repo": "flake-utils",
        "type": "github"
      }
    },
    "flake-utils_8": {
      "inputs": {
        "systems": "systems_8"
      },
      "locked": {
        "lastModified": 1731533236,
        "narHash": "sha256-l0KFg5HjrsfsO/JpG+r7fRrqm12kzFHyUHqHCVpMMbI=",
        "owner": "numtide",
        "repo": "flake-utils",
        "rev": "11707dc2f618dd54ca8739b309ec4fc024de578b",
        "type": "github"
      },
      "original": {
        "owner": "numtide",
        "repo": "flake-utils",
        "type": "github"
      }
    },
    "flake-utils_9": {
      "inputs": {
        "systems": "systems_9"
      },
      "locked": {
        "lastModified": 1731533236,
        "narHash": "sha256-l0KFg5HjrsfsO/JpG+r7fRrqm12kzFHyUHqHCVpMMbI=",
        "owner": "numtide",
        "repo": "flake-utils",
        "rev": "11707dc2f618dd54ca8739b309ec4fc024de578b",
        "type": "github"
      },
      "original": {
        "owner": "numtide",
        "repo": "flake-utils",
        "type": "github"
      }
    },
    "intel-agent": {
      "inputs": {
        "flake-utils": [
          "adr-ledger",
          "flake-utils"
        ],
        "nixpkgs": [
          "adr-ledger",
          "nixpkgs"
        ],
        "rust-overlay": "rust-overlay_3"
      },
      "locked": {
        "lastModified": 1775255415,
        "narHash": "sha256-IQpQ0jSLmctJYSqIWmIIfV3yF3xRmRwrSGpCQQJBhpk=",
        "ref": "refs/heads/main",
        "rev": "0c13a69745dc74f9d7a0d42af9bf78a232d1e0e3",
        "revCount": 1,
        "type": "git",
        "url": "ssh://git@github.com/marcosfpina/intel-agent"
      },
      "original": {
        "type": "git",
        "url": "ssh://git@github.com/marcosfpina/intel-agent"
      }
    },
    "ml-ops-api": {
      "inputs": {
        "flake-utils": [
          "adr-ledger",
          "flake-utils"
        ],
        "nixpkgs": [
          "adr-ledger",
          "nixpkgs"
        ],
        "rust-overlay": "rust-overlay_4"
      },
      "locked": {
        "lastModified": 1774825776,
        "narHash": "sha256-FJ5a5RTWtpjyzqaNTBUsjGGXcNf6MGEfcYQgmeL/K64=",
        "ref": "refs/heads/main",
        "rev": "0d62390ae5516cdf2693a1ee0c31844d2b2ee0d8",
        "revCount": 12,
        "type": "git",
        "url": "ssh://git@github.com/VoidNxSEC/ml-ops-api"
      },
      "original": {
        "type": "git",
        "url": "ssh://git@github.com/VoidNxSEC/ml-ops-api"
      }
    },
    "neoland": {
      "inputs": {
        "flake-utils": "flake-utils_6",
        "nixpkgs": [
          "adr-ledger",
          "sentinel",
          "nixpkgs"
        ],
        "rust-overlay": "rust-overlay_8"
      },
      "locked": {
        "lastModified": 1769219621,
        "narHash": "sha256-eNs1FUkyBZ51MNGDcSC0jErn/FxkevrEX9M6NezhQLQ=",
        "ref": "refs/heads/main",
        "rev": "18447722e94de4bac4c646e77117a852806b3995",
        "revCount": 24,
        "type": "git",
        "url": "https://github.com/marcosfpina/neoland"
      },
      "original": {
        "type": "git",
        "url": "https://github.com/marcosfpina/neoland"
      }
    },
    "neoland_2": {
      "inputs": {
        "flake-utils": "flake-utils_13",
        "nixpkgs": [
          "nixpkgs"
        ],
        "rust-overlay": "rust-overlay_12"
      },
      "locked": {
        "lastModified": 1777235583,
        "narHash": "sha256-YmO8QNyfxPgLEfpwljXkoLJdPpDDymWLY2V0dK9qmyQ=",
        "ref": "refs/heads/main",
        "rev": "f36bd07604f0a2bae5be951c9b3bc3505527beb1",
        "revCount": 96,
        "type": "git",
        "url": "https://github.com/marcosfpina/neoland"
      },
      "original": {
        "type": "git",
        "url": "https://github.com/marcosfpina/neoland"
      }
    },
    "neotron": {
      "inputs": {
        "flake-utils": [
          "adr-ledger",
          "flake-utils"
        ],
        "nixpkgs": [
          "adr-ledger",
          "nixpkgs"
        ]
      },
      "locked": {
        "lastModified": 1774757003,
        "narHash": "sha256-uggkVefMus3ThfDq1uZDvuuuwlW6uFg/mwYC7Zgo7i0=",
        "ref": "refs/heads/main",
        "rev": "e3bffeb59c6761e0acc99f79741b0957b3495012",
        "revCount": 93,
        "type": "git",
        "url": "ssh://git@github.com/VoidNxSEC/neotron"
      },
      "original": {
        "type": "git",
        "url": "ssh://git@github.com/VoidNxSEC/neotron"
      }
    },
    "neutron": {
      "inputs": {
        "flake-utils": "flake-utils_7",
        "nixpkgs": [
          "adr-ledger",
          "sentinel",
          "nixpkgs"
        ]
      },
      "locked": {
        "lastModified": 1769339800,
        "narHash": "sha256-jB+8PNO/8gxUFPfp6RAtx1hGzpnf7442xTeItrMLBsg=",
        "ref": "refs/heads/main",
        "rev": "17a9d358b5ea7e626e151d1a6b1a7af9ebd68d92",
        "revCount": 54,
        "type": "git",
        "url": "https://github.com/marcosfpina/neutron"
      },
      "original": {
        "type": "git",
        "url": "https://github.com/marcosfpina/neutron"
      }
    },
    "neutron_2": {
      "inputs": {
        "flake-utils": "flake-utils_14",
        "nixpkgs": [
          "nixpkgs"
        ]
      },
      "locked": {
        "lastModified": 1775564608,
        "narHash": "sha256-+bUQSsjgeFimSh8xqrh2HCh2r8Z3QUSVyXjX7fMJjOQ=",
        "ref": "refs/heads/main",
        "rev": "a17d91018caeab7b81d0bf9b0ebdca9a7b5f9ffb",
        "revCount": 95,
        "type": "git",
        "url": "https://github.com/marcosfpina/neutron"
      },
      "original": {
        "type": "git",
        "url": "https://github.com/marcosfpina/neutron"
      }
    },
    "nix-github-actions": {
      "inputs": {
        "nixpkgs": [
          "cerebro",
          "poetry2nix",
          "nixpkgs"
        ]
      },
      "locked": {
        "lastModified": 1729742964,
        "narHash": "sha256-B4mzTcQ0FZHdpeWcpDYPERtyjJd/NIuaQ9+BV1h+MpA=",
        "owner": "nix-community",
        "repo": "nix-github-actions",
        "rev": "e04df33f62cdcf93d73e9a04142464753a16db67",
        "type": "github"
      },
      "original": {
        "owner": "nix-community",
        "repo": "nix-github-actions",
        "type": "github"
      }
    },
    "nixpkgs": {
      "locked": {
        "lastModified": 1744536153,
        "narHash": "sha256-awS2zRgF4uTwrOKwwiJcByDzDOdo3Q1rPZbiHQg/N38=",
        "owner": "NixOS",
        "repo": "nixpkgs",
        "rev": "18dd725c29603f582cf1900e0d25f9f1063dbf11",
        "type": "github"
      },
      "original": {
        "owner": "NixOS",
        "ref": "nixpkgs-unstable",
        "repo": "nixpkgs",
        "type": "github"
      }
    },
    "nixpkgs_2": {
      "locked": {
        "lastModified": 1772624091,
        "narHash": "sha256-QKyJ0QGWBn6r0invrMAK8dmJoBYWoOWy7lN+UHzW1jc=",
        "owner": "NixOS",
        "repo": "nixpkgs",
        "rev": "80bdc1e5ce51f56b19791b52b2901187931f5353",
        "type": "github"
      },
      "original": {
        "owner": "NixOS",
        "ref": "nixos-unstable",
        "repo": "nixpkgs",
        "type": "github"
      }
    },
    "nixpkgs_3": {
      "locked": {
        "lastModified": 1744536153,
        "narHash": "sha256-awS2zRgF4uTwrOKwwiJcByDzDOdo3Q1rPZbiHQg/N38=",
        "owner": "NixOS",
        "repo": "nixpkgs",
        "rev": "18dd725c29603f582cf1900e0d25f9f1063dbf11",
        "type": "github"
      },
      "original": {
        "owner": "NixOS",
        "ref": "nixpkgs-unstable",
        "repo": "nixpkgs",
        "type": "github"
      }
    },
    "nixpkgs_4": {
      "locked": {
        "lastModified": 1744536153,
        "narHash": "sha256-awS2zRgF4uTwrOKwwiJcByDzDOdo3Q1rPZbiHQg/N38=",
        "owner": "NixOS",
        "repo": "nixpkgs",
        "rev": "18dd725c29603f582cf1900e0d25f9f1063dbf11",
        "type": "github"
      },
      "original": {
        "owner": "NixOS",
        "ref": "nixpkgs-unstable",
        "repo": "nixpkgs",
        "type": "github"
      }
    },
    "nixpkgs_5": {
      "locked": {
        "lastModified": 1744536153,
        "narHash": "sha256-awS2zRgF4uTwrOKwwiJcByDzDOdo3Q1rPZbiHQg/N38=",
        "owner": "NixOS",
        "repo": "nixpkgs",
        "rev": "18dd725c29603f582cf1900e0d25f9f1063dbf11",
        "type": "github"
      },
      "original": {
        "owner": "NixOS",
        "ref": "nixpkgs-unstable",
        "repo": "nixpkgs",
        "type": "github"
      }
    },
    "nixpkgs_6": {
      "locked": {
        "lastModified": 1744536153,
        "narHash": "sha256-awS2zRgF4uTwrOKwwiJcByDzDOdo3Q1rPZbiHQg/N38=",
        "owner": "NixOS",
        "repo": "nixpkgs",
        "rev": "18dd725c29603f582cf1900e0d25f9f1063dbf11",
        "type": "github"
      },
      "original": {
        "owner": "NixOS",
        "ref": "nixpkgs-unstable",
        "repo": "nixpkgs",
        "type": "github"
      }
    },
    "nixpkgs_7": {
      "locked": {
        "lastModified": 1776877367,
        "narHash": "sha256-EHq1/OX139R1RvBzOJ0aMRT3xnWyqtHBRUBuO1gFzjI=",
        "owner": "NixOS",
        "repo": "nixpkgs",
        "rev": "0726a0ecb6d4e08f6adced58726b95db924cef57",
        "type": "github"
      },
      "original": {
        "owner": "NixOS",
        "ref": "nixos-unstable",
        "repo": "nixpkgs",
        "type": "github"
      }
    },
    "owasaka": {
      "inputs": {
        "flake-utils": [
          "adr-ledger",
          "flake-utils"
        ],
        "nixpkgs": [
          "adr-ledger",
          "nixpkgs"
        ]
      },
      "locked": {
        "lastModified": 1774930770,
        "narHash": "sha256-oeIgOtmbXO4lVm53tHiR+8vgE08Ig3h6MZHhrlNZRTA=",
        "ref": "refs/heads/main",
        "rev": "68d2788c4bde659fac6b1315c0ef5efea65b3066",
        "revCount": 30,
        "type": "git",
        "url": "ssh://git@github.com/VoidNxSEC/O.W.A.S.A.K.A."
      },
      "original": {
        "type": "git",
        "url": "ssh://git@github.com/VoidNxSEC/O.W.A.S.A.K.A."
      }
    },
    "phantom": {
      "inputs": {
        "advisory-db": "advisory-db",
        "crane": "crane",
        "flake-utils": "flake-utils_3",
        "nixpkgs": [
          "adr-ledger",
          "nixpkgs"
        ],
        "rust-overlay": "rust-overlay_5"
      },
      "locked": {
        "lastModified": 1775107833,
        "narHash": "sha256-kvXKG2Ydr8wpbAMN2H839vKlBrjVQ2bjQv/PdxbQ+y8=",
        "ref": "refs/heads/main",
        "rev": "a975cec269fab204801349b50d5b555ac5e65fab",
        "revCount": 101,
        "type": "git",
        "url": "ssh://git@github.com/VoidNxSEC/phantom"
      },
      "original": {
        "type": "git",
        "url": "ssh://git@github.com/VoidNxSEC/phantom"
      }
    },
    "phantom_2": {
      "inputs": {
        "advisory-db": "advisory-db_2",
        "crane": "crane_2",
        "flake-utils": "flake-utils_8",
        "nixpkgs": [
          "adr-ledger",
          "sentinel",
          "nixpkgs"
        ],
        "rust-overlay": "rust-overlay_9"
      },
      "locked": {
        "lastModified": 1769339658,
        "narHash": "sha256-rCfsWB0LKoFxfBHoJmWrd7j6uEo/I7TQ/I9nt8tj+Hw=",
        "ref": "refs/heads/main",
        "rev": "df8dd375a27c33b3fd58cdc0570418487e862a99",
        "revCount": 56,
        "type": "git",
        "url": "https://github.com/marcosfpina/phantom"
      },
      "original": {
        "type": "git",
        "url": "https://github.com/marcosfpina/phantom"
      }
    },
    "phantom_3": {
      "inputs": {
        "advisory-db": "advisory-db_3",
        "crane": "crane_3",
        "flake-utils": "flake-utils_15",
        "nixpkgs": [
          "nixpkgs"
        ],
        "rust-overlay": "rust-overlay_13"
      },
      "locked": {
        "lastModified": 1776573908,
        "narHash": "sha256-lV4VCoWz+xFEBuMdX2rHkMjwGoQVmemQOhOIslddg3g=",
        "ref": "refs/heads/main",
        "rev": "95529cb837cc91f720dd11bcee8270155ef6e62d",
        "revCount": 103,
        "type": "git",
        "url": "https://github.com/marcosfpina/phantom"
      },
      "original": {
        "type": "git",
        "url": "https://github.com/marcosfpina/phantom"
      }
    },
    "poetry2nix": {
      "inputs": {
        "flake-utils": "flake-utils_11",
        "nix-github-actions": "nix-github-actions",
        "nixpkgs": [
          "cerebro",
          "nixpkgs"
        ],
        "systems": "systems_12",
        "treefmt-nix": "treefmt-nix"
      },
      "locked": {
        "lastModified": 1743690424,
        "narHash": "sha256-cX98bUuKuihOaRp8dNV1Mq7u6/CQZWTPth2IJPATBXc=",
        "owner": "nix-community",
        "repo": "poetry2nix",
        "rev": "ce2369db77f45688172384bbeb962bc6c2ea6f94",
        "type": "github"
      },
      "original": {
        "owner": "nix-community",
        "repo": "poetry2nix",
        "type": "github"
      }
    },
    "root": {
      "inputs": {
        "adr-ledger": "adr-ledger",
        "cerebro": "cerebro_3",
        "flake-utils": "flake-utils_12",
        "neoland": "neoland_2",
        "neutron": "neutron_2",
        "nixpkgs": "nixpkgs_7",
        "phantom": "phantom_3",
        "spectre": "spectre_3"
      }
    },
    "rust-overlay": {
      "inputs": {
        "nixpkgs": "nixpkgs"
      },
      "locked": {
        "lastModified": 1767581716,
        "narHash": "sha256-FUbiUzdrGkLou37OGfb4vCLPnqdSIvtmJBxjh2iljiE=",
        "owner": "oxalica",
        "repo": "rust-overlay",
        "rev": "1d3f83babdd21e16bf5cfe0f1efcb4f49ee1bc2c",
        "type": "github"
      },
      "original": {
        "owner": "oxalica",
        "repo": "rust-overlay",
        "type": "github"
      }
    },
    "rust-overlay_10": {
      "inputs": {
        "nixpkgs": [
          "adr-ledger",
          "sentinel",
          "spectre",
          "nixpkgs"
        ]
      },
      "locked": {
        "lastModified": 1769309768,
        "narHash": "sha256-AbOIlNO+JoqRJkK1VrnDXhxuX6CrdtIu2hSuy4pxi3g=",
        "owner": "oxalica",
        "repo": "rust-overlay",
        "rev": "140c9dc582cb73ada2d63a2180524fcaa744fad5",
        "type": "github"
      },
      "original": {
        "owner": "oxalica",
        "repo": "rust-overlay",
        "type": "github"
      }
    },
    "rust-overlay_11": {
      "inputs": {
        "nixpkgs": [
          "adr-ledger",
          "spectre",
          "nixpkgs"
        ]
      },
      "locked": {
        "lastModified": 1772775058,
        "narHash": "sha256-i+I9RYN8kYb9/9kibkxd0avkkislD1tyWojSVgIy160=",
        "owner": "oxalica",
        "repo": "rust-overlay",
        "rev": "629bbb7f9d02787a54e28398b411da849246253b",
        "type": "github"
      },
      "original": {
        "owner": "oxalica",
        "repo": "rust-overlay",
        "type": "github"
      }
    },
    "rust-overlay_12": {
      "inputs": {
        "nixpkgs": "nixpkgs_6"
      },
      "locked": {
        "lastModified": 1776568404,
        "narHash": "sha256-Xng/brVgk+0+ggo/4xnaxb5v4lU82RxPpmFlMHXLGYg=",
        "owner": "oxalica",
        "repo": "rust-overlay",
        "rev": "e65c31bc66b9194a9fc5b5a9f97ac049523f9438",
        "type": "github"
      },
      "original": {
        "owner": "oxalica",
        "repo": "rust-overlay",
        "type": "github"
      }
    },
    "rust-overlay_13": {
      "inputs": {
        "nixpkgs": [
          "phantom",
          "nixpkgs"
        ]
      },
      "locked": {
        "lastModified": 1774408260,
        "narHash": "sha256-Jn9d9r85dmf3gTMnSRt6t+DP2nQ5uJns/MMXg2FpzfM=",
        "owner": "oxalica",
        "repo": "rust-overlay",
        "rev": "d6471ee5a8f470251e6e5b83a20a182eb6c46c9b",
        "type": "github"
      },
      "original": {
        "owner": "oxalica",
        "repo": "rust-overlay",
        "type": "github"
      }
    },
    "rust-overlay_14": {
      "inputs": {
        "nixpkgs": [
          "spectre",
          "nixpkgs"
        ]
      },
      "locked": {
        "lastModified": 1776568404,
        "narHash": "sha256-Xng/brVgk+0+ggo/4xnaxb5v4lU82RxPpmFlMHXLGYg=",
        "owner": "oxalica",
        "repo": "rust-overlay",
        "rev": "e65c31bc66b9194a9fc5b5a9f97ac049523f9438",
        "type": "github"
      },
      "original": {
        "owner": "oxalica",
        "repo": "rust-overlay",
        "type": "github"
      }
    },
    "rust-overlay_2": {
      "inputs": {
        "nixpkgs": [
          "adr-ledger",
          "ai-agent-os",
          "nixpkgs"
        ]
      },
      "locked": {
        "lastModified": 1769309768,
        "narHash": "sha256-AbOIlNO+JoqRJkK1VrnDXhxuX6CrdtIu2hSuy4pxi3g=",
        "owner": "oxalica",
        "repo": "rust-overlay",
        "rev": "140c9dc582cb73ada2d63a2180524fcaa744fad5",
        "type": "github"
      },
      "original": {
        "owner": "oxalica",
        "repo": "rust-overlay",
        "type": "github"
      }
    },
    "rust-overlay_3": {
      "inputs": {
        "nixpkgs": [
          "adr-ledger",
          "intel-agent",
          "nixpkgs"
        ]
      },
      "locked": {
        "lastModified": 1775099554,
        "narHash": "sha256-3xBsGnGDLOFtnPZ1D3j2LU19wpAlYefRKTlkv648rU0=",
        "owner": "oxalica",
        "repo": "rust-overlay",
        "rev": "8d6387ed6d8e6e6672fd3ed4b61b59d44b124d99",
        "type": "github"
      },
      "original": {
        "owner": "oxalica",
        "repo": "rust-overlay",
        "type": "github"
      }
    },
    "rust-overlay_4": {
      "inputs": {
        "nixpkgs": "nixpkgs_3"
      },
      "locked": {
        "lastModified": 1769309768,
        "narHash": "sha256-AbOIlNO+JoqRJkK1VrnDXhxuX6CrdtIu2hSuy4pxi3g=",
        "owner": "oxalica",
        "repo": "rust-overlay",
        "rev": "140c9dc582cb73ada2d63a2180524fcaa744fad5",
        "type": "github"
      },
      "original": {
        "owner": "oxalica",
        "repo": "rust-overlay",
        "type": "github"
      }
    },
    "rust-overlay_5": {
      "inputs": {
        "nixpkgs": [
          "adr-ledger",
          "phantom",
          "nixpkgs"
        ]
      },
      "locked": {
        "lastModified": 1774408260,
        "narHash": "sha256-Jn9d9r85dmf3gTMnSRt6t+DP2nQ5uJns/MMXg2FpzfM=",
        "owner": "oxalica",
        "repo": "rust-overlay",
        "rev": "d6471ee5a8f470251e6e5b83a20a182eb6c46c9b",
        "type": "github"
      },
      "original": {
        "owner": "oxalica",
        "repo": "rust-overlay",
        "type": "github"
      }
    },
    "rust-overlay_6": {
      "inputs": {
        "nixpkgs": [
          "adr-ledger",
          "securellm-mcp",
          "nixpkgs"
        ]
      },
      "locked": {
        "lastModified": 1774535687,
        "narHash": "sha256-dpKS/8+uB0EoI4mCrpio+xs8Xxry6ZhLLwV8VIbbfrs=",
        "owner": "oxalica",
        "repo": "rust-overlay",
        "rev": "75900435aa883f84b038316864b3f60956681523",
        "type": "github"
      },
      "original": {
        "owner": "oxalica",
        "repo": "rust-overlay",
        "type": "github"
      }
    },
    "rust-overlay_7": {
      "inputs": {
        "nixpkgs": "nixpkgs_4"
      },
      "locked": {
        "lastModified": 1769309768,
        "narHash": "sha256-AbOIlNO+JoqRJkK1VrnDXhxuX6CrdtIu2hSuy4pxi3g=",
        "owner": "oxalica",
        "repo": "rust-overlay",
        "rev": "140c9dc582cb73ada2d63a2180524fcaa744fad5",
        "type": "github"
      },
      "original": {
        "owner": "oxalica",
        "repo": "rust-overlay",
        "type": "github"
      }
    },
    "rust-overlay_8": {
      "inputs": {
        "nixpkgs": "nixpkgs_5"
      },
      "locked": {
        "lastModified": 1769136478,
        "narHash": "sha256-8UNd5lmGf8phCr/aKxagJ4kNsF0pCHLish2G4ZKCFFY=",
        "owner": "oxalica",
        "repo": "rust-overlay",
        "rev": "470ee44393bb19887056b557ea2c03fc5230bd5a",
        "type": "github"
      },
      "original": {
        "owner": "oxalica",
        "repo": "rust-overlay",
        "type": "github"
      }
    },
    "rust-overlay_9": {
      "inputs": {
        "nixpkgs": [
          "adr-ledger",
          "sentinel",
          "phantom",
          "nixpkgs"
        ]
      },
      "locked": {
        "lastModified": 1769136478,
        "narHash": "sha256-8UNd5lmGf8phCr/aKxagJ4kNsF0pCHLish2G4ZKCFFY=",
        "owner": "oxalica",
        "repo": "rust-overlay",
        "rev": "470ee44393bb19887056b557ea2c03fc5230bd5a",
        "type": "github"
      },
      "original": {
        "owner": "oxalica",
        "repo": "rust-overlay",
        "type": "github"
      }
    },
    "securellm-mcp": {
      "inputs": {
        "flake-utils": [
          "adr-ledger",
          "flake-utils"
        ],
        "nixpkgs": [
          "adr-ledger",
          "nixpkgs"
        ],
        "rust-overlay": "rust-overlay_6",
        "spider-nix": [
          "adr-ledger",
          "spider-nix"
        ]
      },
      "locked": {
        "lastModified": 1774850115,
        "narHash": "sha256-yjjFJ3An2InoOZxpeDVvVMMXP/J7IRjI9WtrpKQ2yDM=",
        "ref": "refs/heads/main",
        "rev": "443e65f1926d3c69d8efdb6febcc9f1f89a8c56f",
        "revCount": 129,
        "type": "git",
        "url": "ssh://git@github.com/VoidNxSEC/securellm-mcp"
      },
      "original": {
        "type": "git",
        "url": "ssh://git@github.com/VoidNxSEC/securellm-mcp"
      }
    },
    "sentinel": {
      "inputs": {
        "adr-ledger": "adr-ledger_2",
        "cerebro": "cerebro_2",
        "flake-utils": [
          "adr-ledger",
          "flake-utils"
        ],
        "neoland": "neoland",
        "neutron": "neutron",
        "nixpkgs": [
          "adr-ledger",
          "nixpkgs"
        ],
        "phantom": "phantom_2",
        "spectre": "spectre"
      },
      "locked": {
        "lastModified": 1774887208,
        "narHash": "sha256-avlq09hhv+sMiIK0CQLr2laBXuTXEEcBxc4dbtA+fy0=",
        "ref": "refs/heads/main",
        "rev": "d1f4537c74c918ce0fcff6276e34dbc21629c691",
        "revCount": 33,
        "type": "git",
        "url": "ssh://git@github.com/VoidNxSEC/sentinel"
      },
      "original": {
        "type": "git",
        "url": "ssh://git@github.com/VoidNxSEC/sentinel"
      }
    },
    "sops-nix": {
      "inputs": {
        "nixpkgs": [
          "adr-ledger",
          "spectre",
          "nixpkgs"
        ]
      },
      "locked": {
        "lastModified": 1772495394,
        "narHash": "sha256-hmIvE/slLKEFKNEJz27IZ8BKlAaZDcjIHmkZ7GCEjfw=",
        "owner": "Mic92",
        "repo": "sops-nix",
        "rev": "1d9b98a29a45abe9c4d3174bd36de9f28755e3ff",
        "type": "github"
      },
      "original": {
        "owner": "Mic92",
        "repo": "sops-nix",
        "type": "github"
      }
    },
    "sops-nix_2": {
      "inputs": {
        "nixpkgs": [
          "cerebro",
          "nixpkgs"
        ]
      },
      "locked": {
        "lastModified": 1776119890,
        "narHash": "sha256-Zm6bxLNnEOYuS/SzrAGsYuXSwk3cbkRQZY0fJnk8a5M=",
        "owner": "Mic92",
        "repo": "sops-nix",
        "rev": "d4971dd58c6627bfee52a1ad4237637c0a2fb0cd",
        "type": "github"
      },
      "original": {
        "owner": "Mic92",
        "repo": "sops-nix",
        "type": "github"
      }
    },
    "sops-nix_3": {
      "inputs": {
        "nixpkgs": [
          "spectre",
          "nixpkgs"
        ]
      },
      "locked": {
        "lastModified": 1776119890,
        "narHash": "sha256-Zm6bxLNnEOYuS/SzrAGsYuXSwk3cbkRQZY0fJnk8a5M=",
        "owner": "Mic92",
        "repo": "sops-nix",
        "rev": "d4971dd58c6627bfee52a1ad4237637c0a2fb0cd",
        "type": "github"
      },
      "original": {
        "owner": "Mic92",
        "repo": "sops-nix",
        "type": "github"
      }
    },
    "spectre": {
      "inputs": {
        "flake-utils": "flake-utils_9",
        "nixpkgs": [
          "adr-ledger",
          "sentinel",
          "nixpkgs"
        ],
        "rust-overlay": "rust-overlay_10"
      },
      "locked": {
        "lastModified": 1769493578,
        "narHash": "sha256-GQ+GTi35FatEnal5KVBEAZyj8zyUWxsUZYgtLbPofYc=",
        "ref": "refs/heads/main",
        "rev": "6312581a599245062dcb0dee33091c67fbc3e0e6",
        "revCount": 14,
        "type": "git",
        "url": "https://github.com/marcosfpina/spectre"
      },
      "original": {
        "type": "git",
        "url": "https://github.com/marcosfpina/spectre"
      }
    },
    "spectre_2": {
      "inputs": {
        "flake-utils": [
          "adr-ledger",
          "flake-utils"
        ],
        "nixpkgs": [
          "adr-ledger",
          "nixpkgs"
        ],
        "rust-overlay": "rust-overlay_11",
        "sops-nix": "sops-nix"
      },
      "locked": {
        "lastModified": 1774869016,
        "narHash": "sha256-+uT47E6/6f4lccUxgRyeCf5vcBnnGl15XwBXLpaFU6c=",
        "ref": "refs/heads/main",
        "rev": "f12a4bffbc7c63a2ec5d1af7057dc00a14c554f2",
        "revCount": 65,
        "type": "git",
        "url": "ssh://git@github.com/VoidNxSEC/spectre"
      },
      "original": {
        "type": "git",
        "url": "ssh://git@github.com/VoidNxSEC/spectre"
      }
    },
    "spectre_3": {
      "inputs": {
        "flake-utils": "flake-utils_16",
        "nixpkgs": [
          "nixpkgs"
        ],
        "rust-overlay": "rust-overlay_14",
        "sops-nix": "sops-nix_3"
      },
      "locked": {
        "lastModified": 1776576203,
        "narHash": "sha256-pNlXTw+ZL5Q35HcrhorkkHT+tRWCWWwXAYfutNDtA7c=",
        "ref": "refs/heads/main",
        "rev": "c42d746cb301f9df03b7ff49099e6a699f08238e",
        "revCount": 72,
        "type": "git",
        "url": "https://github.com/marcosfpina/spectre"
      },
      "original": {
        "type": "git",
        "url": "https://github.com/marcosfpina/spectre"
      }
    },
    "spider-nix": {
      "inputs": {
        "flake-utils": "flake-utils",
        "nixpkgs": "nixpkgs_2"
      },
      "locked": {
        "lastModified": 1775120204,
        "narHash": "sha256-vPCPTAGhvH3iPpLktwp4bU6/RbFQQV42XTj+1Hj2LkY=",
        "path": "/home/kernelcore/master/spider-nix",
        "type": "path"
      },
      "original": {
        "path": "/home/kernelcore/master/spider-nix",
        "type": "path"
      }
    },
    "spider-nix_2": {
      "inputs": {
        "flake-utils": [
          "adr-ledger",
          "flake-utils"
        ],
        "nixpkgs": [
          "adr-ledger",
          "nixpkgs"
        ]
      },
      "locked": {
        "lastModified": 1774757061,
        "narHash": "sha256-EpKUha2neiwBQRSJ4LtwezC95h+LfWWqfUytX8CVsGE=",
        "ref": "refs/heads/main",
        "rev": "77b5d37a12627b9487e3c15738b2d689f931427b",
        "revCount": 21,
        "type": "git",
        "url": "ssh://git@github.com/VoidNxSEC/spider-nix"
      },
      "original": {
        "type": "git",
        "url": "ssh://git@github.com/VoidNxSEC/spider-nix"
      }
    },
    "systems": {
      "locked": {
        "lastModified": 1681028828,
        "narHash": "sha256-Vy1rq5AaRuLzOxct8nz4T6wlgyUR7zLU309k9mBC768=",
        "owner": "nix-systems",
        "repo": "default",
        "rev": "da67096a3b9bf56a91d16901293e51ba5b49a27e",
        "type": "github"
      },
      "original": {
        "owner": "nix-systems",
        "repo": "default",
        "type": "github"
      }
    },
    "systems_10": {
      "locked": {
        "lastModified": 1681028828,
        "narHash": "sha256-Vy1rq5AaRuLzOxct8nz4T6wlgyUR7zLU309k9mBC768=",
        "owner": "nix-systems",
        "repo": "default",
        "rev": "da67096a3b9bf56a91d16901293e51ba5b49a27e",
        "type": "github"
      },
      "original": {
        "owner": "nix-systems",
        "repo": "default",
        "type": "github"
      }
    },
    "systems_11": {
      "locked": {
        "lastModified": 1681028828,
        "narHash": "sha256-Vy1rq5AaRuLzOxct8nz4T6wlgyUR7zLU309k9mBC768=",
        "owner": "nix-systems",
        "repo": "default",
        "rev": "da67096a3b9bf56a91d16901293e51ba5b49a27e",
        "type": "github"
      },
      "original": {
        "owner": "nix-systems",
        "repo": "default",
        "type": "github"
      }
    },
    "systems_12": {
      "locked": {
        "lastModified": 1681028828,
        "narHash": "sha256-Vy1rq5AaRuLzOxct8nz4T6wlgyUR7zLU309k9mBC768=",
        "owner": "nix-systems",
        "repo": "default",
        "rev": "da67096a3b9bf56a91d16901293e51ba5b49a27e",
        "type": "github"
      },
      "original": {
        "owner": "nix-systems",
        "repo": "default",
        "type": "github"
      }
    },
    "systems_13": {
      "locked": {
        "lastModified": 1681028828,
        "narHash": "sha256-Vy1rq5AaRuLzOxct8nz4T6wlgyUR7zLU309k9mBC768=",
        "owner": "nix-systems",
        "repo": "default",
        "rev": "da67096a3b9bf56a91d16901293e51ba5b49a27e",
        "type": "github"
      },
      "original": {
        "owner": "nix-systems",
        "repo": "default",
        "type": "github"
      }
    },
    "systems_14": {
      "locked": {
        "lastModified": 1681028828,
        "narHash": "sha256-Vy1rq5AaRuLzOxct8nz4T6wlgyUR7zLU309k9mBC768=",
        "owner": "nix-systems",
        "repo": "default",
        "rev": "da67096a3b9bf56a91d16901293e51ba5b49a27e",
        "type": "github"
      },
      "original": {
        "owner": "nix-systems",
        "repo": "default",
        "type": "github"
      }
    },
    "systems_15": {
      "locked": {
        "lastModified": 1681028828,
        "narHash": "sha256-Vy1rq5AaRuLzOxct8nz4T6wlgyUR7zLU309k9mBC768=",
        "owner": "nix-systems",
        "repo": "default",
        "rev": "da67096a3b9bf56a91d16901293e51ba5b49a27e",
        "type": "github"
      },
      "original": {
        "owner": "nix-systems",
        "repo": "default",
        "type": "github"
      }
    },
    "systems_16": {
      "locked": {
        "lastModified": 1681028828,
        "narHash": "sha256-Vy1rq5AaRuLzOxct8nz4T6wlgyUR7zLU309k9mBC768=",
        "owner": "nix-systems",
        "repo": "default",
        "rev": "da67096a3b9bf56a91d16901293e51ba5b49a27e",
        "type": "github"
      },
      "original": {
        "owner": "nix-systems",
        "repo": "default",
        "type": "github"
      }
    },
    "systems_17": {
      "locked": {
        "lastModified": 1681028828,
        "narHash": "sha256-Vy1rq5AaRuLzOxct8nz4T6wlgyUR7zLU309k9mBC768=",
        "owner": "nix-systems",
        "repo": "default",
        "rev": "da67096a3b9bf56a91d16901293e51ba5b49a27e",
        "type": "github"
      },
      "original": {
        "owner": "nix-systems",
        "repo": "default",
        "type": "github"
      }
    },
    "systems_2": {
      "locked": {
        "lastModified": 1681028828,
        "narHash": "sha256-Vy1rq5AaRuLzOxct8nz4T6wlgyUR7zLU309k9mBC768=",
        "owner": "nix-systems",
        "repo": "default",
        "rev": "da67096a3b9bf56a91d16901293e51ba5b49a27e",
        "type": "github"
      },
      "original": {
        "owner": "nix-systems",
        "repo": "default",
        "type": "github"
      }
    },
    "systems_3": {
      "locked": {
        "lastModified": 1681028828,
        "narHash": "sha256-Vy1rq5AaRuLzOxct8nz4T6wlgyUR7zLU309k9mBC768=",
        "owner": "nix-systems",
        "repo": "default",
        "rev": "da67096a3b9bf56a91d16901293e51ba5b49a27e",
        "type": "github"
      },
      "original": {
        "owner": "nix-systems",
        "repo": "default",
        "type": "github"
      }
    },
    "systems_4": {
      "locked": {
        "lastModified": 1681028828,
        "narHash": "sha256-Vy1rq5AaRuLzOxct8nz4T6wlgyUR7zLU309k9mBC768=",
        "owner": "nix-systems",
        "repo": "default",
        "rev": "da67096a3b9bf56a91d16901293e51ba5b49a27e",
        "type": "github"
      },
      "original": {
        "owner": "nix-systems",
        "repo": "default",
        "type": "github"
      }
    },
    "systems_5": {
      "locked": {
        "lastModified": 1681028828,
        "narHash": "sha256-Vy1rq5AaRuLzOxct8nz4T6wlgyUR7zLU309k9mBC768=",
        "owner": "nix-systems",
        "repo": "default",
        "rev": "da67096a3b9bf56a91d16901293e51ba5b49a27e",
        "type": "github"
      },
      "original": {
        "owner": "nix-systems",
        "repo": "default",
        "type": "github"
      }
    },
    "systems_6": {
      "locked": {
        "lastModified": 1681028828,
        "narHash": "sha256-Vy1rq5AaRuLzOxct8nz4T6wlgyUR7zLU309k9mBC768=",
        "owner": "nix-systems",
        "repo": "default",
        "rev": "da67096a3b9bf56a91d16901293e51ba5b49a27e",
        "type": "github"
      },
      "original": {
        "owner": "nix-systems",
        "repo": "default",
        "type": "github"
      }
    },
    "systems_7": {
      "locked": {
        "lastModified": 1681028828,
        "narHash": "sha256-Vy1rq5AaRuLzOxct8nz4T6wlgyUR7zLU309k9mBC768=",
        "owner": "nix-systems",
        "repo": "default",
        "rev": "da67096a3b9bf56a91d16901293e51ba5b49a27e",
        "type": "github"
      },
      "original": {
        "owner": "nix-systems",
        "repo": "default",
        "type": "github"
      }
    },
    "systems_8": {
      "locked": {
        "lastModified": 1681028828,
        "narHash": "sha256-Vy1rq5AaRuLzOxct8nz4T6wlgyUR7zLU309k9mBC768=",
        "owner": "nix-systems",
        "repo": "default",
        "rev": "da67096a3b9bf56a91d16901293e51ba5b49a27e",
        "type": "github"
      },
      "original": {
        "owner": "nix-systems",
        "repo": "default",
        "type": "github"
      }
    },
    "systems_9": {
      "locked": {
        "lastModified": 1681028828,
        "narHash": "sha256-Vy1rq5AaRuLzOxct8nz4T6wlgyUR7zLU309k9mBC768=",
        "owner": "nix-systems",
        "repo": "default",
        "rev": "da67096a3b9bf56a91d16901293e51ba5b49a27e",
        "type": "github"
      },
      "original": {
        "owner": "nix-systems",
        "repo": "default",
        "type": "github"
      }
    },
    "treefmt-nix": {
      "inputs": {
        "nixpkgs": [
          "cerebro",
          "poetry2nix",
          "nixpkgs"
        ]
      },
      "locked": {
        "lastModified": 1730120726,
        "narHash": "sha256-LqHYIxMrl/1p3/kvm2ir925tZ8DkI0KA10djk8wecSk=",
        "owner": "numtide",
        "repo": "treefmt-nix",
        "rev": "9ef337e492a5555d8e17a51c911ff1f02635be15",
        "type": "github"
      },
      "original": {
        "owner": "numtide",
        "repo": "treefmt-nix",
        "type": "github"
      }
    }
  },
  "root": "root",
  "version": 7
}
